{
  "lockfile_version": "1",
  "packages": {
    "jupyter@latest": {
      "last_modified": "2024-12-04T16:45:45Z",
      "resolved": "github:NixOS/nixpkgs/2f9d395f057a50f8076f633c10519035fce8d773#jupyter",
      "source": "devbox-search",
      "version": "3.12.7-env",
      "systems": {
        "aarch64-darwin": {
          "outputs": [
            {
              "name": "out",
              "path": "/nix/store/7yp3iyphdfsi8lhn7c29slfnilmvzxnb-python3-3.12.7-env",
              "default": true
            }
          ],
          "store_path": "/nix/store/7yp3iyphdfsi8lhn7c29slfnilmvzxnb-python3-3.12.7-env"
        },
        "aarch64-linux": {
          "outputs": [
            {
              "name": "out",
              "path": "/nix/store/hvwn8d52r5q8hpzbfi2p6yjzh8b31cgk-python3-3.12.7-env",
              "default": true
            }
          ],
          "store_path": "/nix/store/hvwn8d52r5q8hpzbfi2p6yjzh8b31cgk-python3-3.12.7-env"
        },
        "x86_64-darwin": {
          "outputs": [
            {
              "name": "out",
              "path": "/nix/store/mrcsc3awcp47855rwzhzkrs0cjj6w1fd-python3-3.12.7-env",
              "default": true
            }
          ],
          "store_path": "/nix/store/mrcsc3awcp47855rwzhzkrs0cjj6w1fd-python3-3.12.7-env"
        },
        "x86_64-linux": {
          "outputs": [
            {
              "name": "out",
              "path": "/nix/store/plqkzqpsnnddi6n7fqfly3sjbkyjzypm-python3-3.12.7-env",
              "default": true
            }
          ],
          "store_path": "/nix/store/plqkzqpsnnddi6n7fqfly3sjbkyjzypm-python3-3.12.7-env"
        }
      }
    },
    "python@3.8": {
      "last_modified": "2024-02-24T23:06:34Z",
      "plugin_version": "0.0.4",
      "resolved": "github:NixOS/nixpkgs/9a9dae8f6319600fa9aebde37f340975cab4b8c0#python38",
      "source": "devbox-search",
      "version": "3.8.18",
      "systems": {
        "aarch64-darwin": {
          "outputs": [
            {
              "name": "out",
              "path": "/nix/store/xkaihl9v2k0jgsxyv8kgsxxms731la4d-python3-3.8.18",
              "default": true
            }
          ],
          "store_path": "/nix/store/xkaihl9v2k0jgsxyv8kgsxxms731la4d-python3-3.8.18"
        },
        "aarch64-linux": {
          "outputs": [
            {
              "name": "out",
              "path": "/nix/store/avgn18piafm2935f53mj06cvrkkc3dyd-python3-3.8.18",
              "default": true
            },
            {
              "name": "debug",
              "path": "/nix/store/bz6x6m9qgf4977mgyp0llg3inz9cqyq7-python3-3.8.18-debug"
            }
          ],
          "store_path": "/nix/store/avgn18piafm2935f53mj06cvrkkc3dyd-python3-3.8.18"
        },
        "x86_64-darwin": {
          "outputs": [
            {
              "name": "out",
              "path": "/nix/store/a2gci4bxwvw28dvdjdz78ywb1mll7z6v-python3-3.8.18",
              "default": true
            }
          ],
          "store_path": "/nix/store/a2gci4bxwvw28dvdjdz78ywb1mll7z6v-python3-3.8.18"
        },
        "x86_64-linux": {
          "outputs": [
            {
              "name": "out",
              "path": "/nix/store/hm099k89if69wzd2p374qmi2qkcdg74g-python3-3.8.18",
              "default": true
            },
            {
              "name": "debug",
              "path": "/nix/store/kdaf743rnclpw5slqaxmiq3fxa6iqd7x-python3-3.8.18-debug"
            }
          ],
          "store_path": "/nix/store/hm099k89if69wzd2p374qmi2qkcdg74g-python3-3.8.18"
        }
      }
    }
  }
}
